<Solution>
  <Project Path="AutoReparos.API/AutoReparos.API.csproj" />
  <Project Path="AutoReparos.Application.Tests/AutoReparos.Application.Tests.csproj" />
  <Project Path="AutoReparos.Application/AutoReparos.Application.csproj" />
  <Project Path="AutoReparos.Domain.Tests/AutoReparos.Domain.Tests.csproj" Id="6658fb98-8936-4a5b-a9e3-009fd37847ec" />
  <Project Path="AutoReparos.Domain/AutoReparos.Domain.csproj" />
  <Project Path="AutoReparos.Infra/AutoReparos.Infra.csproj" />
  <Project Path="AutoReparos.IntegrationTests/AutoReparos.IntegrationTests.csproj" Id="8d51165e-e3d3-483c-9bd8-3869ededcf9d" />
  <Project Path="docker-compose.dcproj">
    <Build />
  </Project>
</Solution>
